
Microsoft Visual Studio Solution File, Format Version 12.00
# Visual Studio Version 17
VisualStudioVersion = 17.8.34330.188
MinimumVisualStudioVersion = 10.0.40219.1
Project("{FAE04EC0-301F-11D3-BF4B-00C04F79EFBC}") = "ConfitecEscola.API", "ConfitecEscola.API.csproj", "{558553D1-3FFE-4C4C-A7EA-CC731E233FD9}"
EndProject
Project("{FAE04EC0-301F-11D3-BF4B-00C04F79EFBC}") = "ConfitecEscola.Application", "..\Application\ConfitecEscola.Application.csproj", "{3358F5B2-1EDA-40CB-B515-3CB60B07A115}"
EndProject
Project("{FAE04EC0-301F-11D3-BF4B-00C04F79EFBC}") = "ConfitecEscola.Core", "..\ConfitecEscola.Core\ConfitecEscola.Core.csproj", "{2F176B42-3732-4818-9FC2-CE77B58FD86B}"
EndProject
Project("{FAE04EC0-301F-11D3-BF4B-00C04F79EFBC}") = "ConfitecEscola.Infrastructure", "..\ConfitecEscola.Infrastructure\ConfitecEscola.Infrastructure.csproj", "{C1A36866-B901-4856-AD3B-9506A409E464}"
EndProject
Global
	GlobalSection(SolutionConfigurationPlatforms) = preSolution
		Debug|Any CPU = Debug|Any CPU
		Release|Any CPU = Release|Any CPU
	EndGlobalSection
	GlobalSection(ProjectConfigurationPlatforms) = postSolution
		{558553D1-3FFE-4C4C-A7EA-CC731E233FD9}.Debug|Any CPU.ActiveCfg = Debug|Any CPU
		{558553D1-3FFE-4C4C-A7EA-CC731E233FD9}.Debug|Any CPU.Build.0 = Debug|Any CPU
		{558553D1-3FFE-4C4C-A7EA-CC731E233FD9}.Release|Any CPU.ActiveCfg = Release|Any CPU
		{558553D1-3FFE-4C4C-A7EA-CC731E233FD9}.Release|Any CPU.Build.0 = Release|Any CPU
		{3358F5B2-1EDA-40CB-B515-3CB60B07A115}.Debug|Any CPU.ActiveCfg = Debug|Any CPU
		{3358F5B2-1EDA-40CB-B515-3CB60B07A115}.Debug|Any CPU.Build.0 = Debug|Any CPU
		{3358F5B2-1EDA-40CB-B515-3CB60B07A115}.Release|Any CPU.ActiveCfg = Release|Any CPU
		{3358F5B2-1EDA-40CB-B515-3CB60B07A115}.Release|Any CPU.Build.0 = Release|Any CPU
		{2F176B42-3732-4818-9FC2-CE77B58FD86B}.Debug|Any CPU.ActiveCfg = Debug|Any CPU
		{2F176B42-3732-4818-9FC2-CE77B58FD86B}.Debug|Any CPU.Build.0 = Debug|Any CPU
		{2F176B42-3732-4818-9FC2-CE77B58FD86B}.Release|Any CPU.ActiveCfg = Release|Any CPU
		{2F176B42-3732-4818-9FC2-CE77B58FD86B}.Release|Any CPU.Build.0 = Release|Any CPU
		{C1A36866-B901-4856-AD3B-9506A409E464}.Debug|Any CPU.ActiveCfg = Debug|Any CPU
		{C1A36866-B901-4856-AD3B-9506A409E464}.Debug|Any CPU.Build.0 = Debug|Any CPU
		{C1A36866-B901-4856-AD3B-9506A409E464}.Release|Any CPU.ActiveCfg = Release|Any CPU
		{C1A36866-B901-4856-AD3B-9506A409E464}.Release|Any CPU.Build.0 = Release|Any CPU
	EndGlobalSection
	GlobalSection(SolutionProperties) = preSolution
		HideSolutionNode = FALSE
	EndGlobalSection
	GlobalSection(ExtensibilityGlobals) = postSolution
		SolutionGuid = {5ADBD5AD-75E5-485F-80E4-046D1AF8F6F5}
	EndGlobalSection
EndGlobal
